hash: 597ecffe6a7645a8cef28ade3450834143d4e7ab4813ef956a280222656f7e86
updated: 2017-01-02T10:39:14.27242185+08:00
imports:
- name: github.com/holys/goredis
  version: 0190d3dd3e98583f41ed746d32c67591a1fb7f8c
- name: github.com/peterh/liner
  version: 3c5f577f62ec95a012ea48a58dd4de3c48222a35
testImports: []
