hash: 597ecffe6a7645a8cef28ade3450834143d4e7ab4813ef956a280222656f7e86
updated: 2016-12-25T10:32:48.126679842+08:00
imports:
- name: github.com/holys/goredis
  version: 30bd80e5a16c8de668457a6686ffc32df443b2db
- name: github.com/peterh/liner
  version: 3c5f577f62ec95a012ea48a58dd4de3c48222a35
testImports: []
